
Microsoft Visual Studio Solution File, Format Version 12.00
# Visual Studio 15
VisualStudioVersion = 15.0.26124.0
MinimumVisualStudioVersion = 15.0.26124.0
Project("{FAE04EC0-301F-11D3-BF4B-00C04F79EFBC}") = "Infinispan.Hotrod", "src\Infinispan.Hotrod.csproj", "{C50963DA-860C-4DB7-84BD-8CF29EF6008E}"
EndProject
Project("{FAE04EC0-301F-11D3-BF4B-00C04F79EFBC}") = "Infinispan.Hotrod.Samples", "Infinispan.Hotrod.Samples\Infinispan.Hotrod.Samples.csproj", "{081D7A3C-9DBD-44FB-B99D-F7028EB6E1C1}"
EndProject
Project("{FAE04EC0-301F-11D3-BF4B-00C04F79EFBC}") = "Infinispan.Hotrod.XUnitTest", "Infinispan.Hotrod.XUnitTest\Infinispan.Hotrod.XUnitTest.csproj", "{5F81C8E0-0B47-4068-8395-0682CB33F560}"
EndProject
Global
	GlobalSection(SolutionConfigurationPlatforms) = preSolution
		Debug|Any CPU = Debug|Any CPU
		Debug|x64 = Debug|x64
		Debug|x86 = Debug|x86
		Release|Any CPU = Release|Any CPU
		Release|x64 = Release|x64
		Release|x86 = Release|x86
	EndGlobalSection
	GlobalSection(SolutionProperties) = preSolution
		HideSolutionNode = FALSE
	EndGlobalSection
	GlobalSection(ProjectConfigurationPlatforms) = postSolution
		{C50963DA-860C-4DB7-84BD-8CF29EF6008E}.Debug|Any CPU.ActiveCfg = Debug|Any CPU
		{C50963DA-860C-4DB7-84BD-8CF29EF6008E}.Debug|Any CPU.Build.0 = Debug|Any CPU
		{C50963DA-860C-4DB7-84BD-8CF29EF6008E}.Debug|x64.ActiveCfg = Debug|Any CPU
		{C50963DA-860C-4DB7-84BD-8CF29EF6008E}.Debug|x64.Build.0 = Debug|Any CPU
		{C50963DA-860C-4DB7-84BD-8CF29EF6008E}.Debug|x86.ActiveCfg = Debug|Any CPU
		{C50963DA-860C-4DB7-84BD-8CF29EF6008E}.Debug|x86.Build.0 = Debug|Any CPU
		{C50963DA-860C-4DB7-84BD-8CF29EF6008E}.Release|Any CPU.ActiveCfg = Release|Any CPU
		{C50963DA-860C-4DB7-84BD-8CF29EF6008E}.Release|Any CPU.Build.0 = Release|Any CPU
		{C50963DA-860C-4DB7-84BD-8CF29EF6008E}.Release|x64.ActiveCfg = Release|Any CPU
		{C50963DA-860C-4DB7-84BD-8CF29EF6008E}.Release|x64.Build.0 = Release|Any CPU
		{C50963DA-860C-4DB7-84BD-8CF29EF6008E}.Release|x86.ActiveCfg = Release|Any CPU
		{C50963DA-860C-4DB7-84BD-8CF29EF6008E}.Release|x86.Build.0 = Release|Any CPU
		{081D7A3C-9DBD-44FB-B99D-F7028EB6E1C1}.Debug|Any CPU.ActiveCfg = Debug|Any CPU
		{081D7A3C-9DBD-44FB-B99D-F7028EB6E1C1}.Debug|Any CPU.Build.0 = Debug|Any CPU
		{081D7A3C-9DBD-44FB-B99D-F7028EB6E1C1}.Debug|x64.ActiveCfg = Debug|Any CPU
		{081D7A3C-9DBD-44FB-B99D-F7028EB6E1C1}.Debug|x64.Build.0 = Debug|Any CPU
		{081D7A3C-9DBD-44FB-B99D-F7028EB6E1C1}.Debug|x86.ActiveCfg = Debug|Any CPU
		{081D7A3C-9DBD-44FB-B99D-F7028EB6E1C1}.Debug|x86.Build.0 = Debug|Any CPU
		{081D7A3C-9DBD-44FB-B99D-F7028EB6E1C1}.Release|Any CPU.ActiveCfg = Release|Any CPU
		{081D7A3C-9DBD-44FB-B99D-F7028EB6E1C1}.Release|Any CPU.Build.0 = Release|Any CPU
		{081D7A3C-9DBD-44FB-B99D-F7028EB6E1C1}.Release|x64.ActiveCfg = Release|Any CPU
		{081D7A3C-9DBD-44FB-B99D-F7028EB6E1C1}.Release|x64.Build.0 = Release|Any CPU
		{081D7A3C-9DBD-44FB-B99D-F7028EB6E1C1}.Release|x86.ActiveCfg = Release|Any CPU
		{081D7A3C-9DBD-44FB-B99D-F7028EB6E1C1}.Release|x86.Build.0 = Release|Any CPU
		{5F81C8E0-0B47-4068-8395-0682CB33F560}.Debug|Any CPU.ActiveCfg = Debug|Any CPU
		{5F81C8E0-0B47-4068-8395-0682CB33F560}.Debug|Any CPU.Build.0 = Debug|Any CPU
		{5F81C8E0-0B47-4068-8395-0682CB33F560}.Debug|x64.ActiveCfg = Debug|Any CPU
		{5F81C8E0-0B47-4068-8395-0682CB33F560}.Debug|x64.Build.0 = Debug|Any CPU
		{5F81C8E0-0B47-4068-8395-0682CB33F560}.Debug|x86.ActiveCfg = Debug|Any CPU
		{5F81C8E0-0B47-4068-8395-0682CB33F560}.Debug|x86.Build.0 = Debug|Any CPU
		{5F81C8E0-0B47-4068-8395-0682CB33F560}.Release|Any CPU.ActiveCfg = Release|Any CPU
		{5F81C8E0-0B47-4068-8395-0682CB33F560}.Release|Any CPU.Build.0 = Release|Any CPU
		{5F81C8E0-0B47-4068-8395-0682CB33F560}.Release|x64.ActiveCfg = Release|Any CPU
		{5F81C8E0-0B47-4068-8395-0682CB33F560}.Release|x64.Build.0 = Release|Any CPU
		{5F81C8E0-0B47-4068-8395-0682CB33F560}.Release|x86.ActiveCfg = Release|Any CPU
		{5F81C8E0-0B47-4068-8395-0682CB33F560}.Release|x86.Build.0 = Release|Any CPU
	EndGlobalSection
EndGlobal
